
Microsoft Visual Studio Solution File, Format Version 12.00
# Visual Studio Version 16
VisualStudioVersion = 25.0.1705.2
MinimumVisualStudioVersion = 10.0.40219.1
Project("{2150E333-8FDC-42A3-9474-1A3956D46DE8}") = "src", "src", "{D4936CBA-2545-437F-9C72-C0F8F5F8B943}"
EndProject
Project("{2150E333-8FDC-42A3-9474-1A3956D46DE8}") = "1 - API", "1 - API", "{3F2CEF68-76B5-4276-9FDA-02011689ECA5}"
EndProject
Project("{2150E333-8FDC-42A3-9474-1A3956D46DE8}") = "2 - Manager", "2 - Manager", "{2628A585-65D3-4B51-B713-F81EDB307739}"
EndProject
Project("{2150E333-8FDC-42A3-9474-1A3956D46DE8}") = "3 - Core", "3 - Core", "{831C4E5B-031E-4BF2-A8C0-30EA92A78CA2}"
EndProject
Project("{2150E333-8FDC-42A3-9474-1A3956D46DE8}") = "4 - Infra", "4 - Infra", "{74B2F064-1A37-4E66-939A-A978818D4189}"
EndProject
Project("{2150E333-8FDC-42A3-9474-1A3956D46DE8}") = "5 - Tests", "5 - Tests", "{5C1C745A-D71D-4362-A1D8-213AABC28166}"
EndProject
Project("{FAE04EC0-301F-11D3-BF4B-00C04F79EFBC}") = "Consultorio.API", "Consultorio.API\Consultorio.API.csproj", "{75C22497-BE9A-4A08-834F-467E106E738B}"
EndProject
Project("{FAE04EC0-301F-11D3-BF4B-00C04F79EFBC}") = "Consultorio.Manager", "Consultorio.Manager\Consultorio.Manager.csproj", "{5636B277-EB8F-43F2-AAE2-B90276C5A76F}"
EndProject
Project("{FAE04EC0-301F-11D3-BF4B-00C04F79EFBC}") = "Consultorio.Core", "Consultorio.Core\Consultorio.Core.csproj", "{92051A63-2AEA-4627-AA51-A69EAA8B8500}"
EndProject
Project("{FAE04EC0-301F-11D3-BF4B-00C04F79EFBC}") = "Consultorio.Infra", "Consultorio.Infra\Consultorio.Infra.csproj", "{075AEC8D-50E9-49C1-829F-3A7E616F8340}"
EndProject
Global
	GlobalSection(SolutionConfigurationPlatforms) = preSolution
		Debug|Any CPU = Debug|Any CPU
		Release|Any CPU = Release|Any CPU
	EndGlobalSection
	GlobalSection(ProjectConfigurationPlatforms) = postSolution
		{75C22497-BE9A-4A08-834F-467E106E738B}.Debug|Any CPU.ActiveCfg = Debug|Any CPU
		{75C22497-BE9A-4A08-834F-467E106E738B}.Debug|Any CPU.Build.0 = Debug|Any CPU
		{75C22497-BE9A-4A08-834F-467E106E738B}.Release|Any CPU.ActiveCfg = Release|Any CPU
		{75C22497-BE9A-4A08-834F-467E106E738B}.Release|Any CPU.Build.0 = Release|Any CPU
		{5636B277-EB8F-43F2-AAE2-B90276C5A76F}.Debug|Any CPU.ActiveCfg = Debug|Any CPU
		{5636B277-EB8F-43F2-AAE2-B90276C5A76F}.Debug|Any CPU.Build.0 = Debug|Any CPU
		{5636B277-EB8F-43F2-AAE2-B90276C5A76F}.Release|Any CPU.ActiveCfg = Release|Any CPU
		{5636B277-EB8F-43F2-AAE2-B90276C5A76F}.Release|Any CPU.Build.0 = Release|Any CPU
		{92051A63-2AEA-4627-AA51-A69EAA8B8500}.Debug|Any CPU.ActiveCfg = Debug|Any CPU
		{92051A63-2AEA-4627-AA51-A69EAA8B8500}.Debug|Any CPU.Build.0 = Debug|Any CPU
		{92051A63-2AEA-4627-AA51-A69EAA8B8500}.Release|Any CPU.ActiveCfg = Release|Any CPU
		{92051A63-2AEA-4627-AA51-A69EAA8B8500}.Release|Any CPU.Build.0 = Release|Any CPU
		{075AEC8D-50E9-49C1-829F-3A7E616F8340}.Debug|Any CPU.ActiveCfg = Debug|Any CPU
		{075AEC8D-50E9-49C1-829F-3A7E616F8340}.Debug|Any CPU.Build.0 = Debug|Any CPU
		{075AEC8D-50E9-49C1-829F-3A7E616F8340}.Release|Any CPU.ActiveCfg = Release|Any CPU
		{075AEC8D-50E9-49C1-829F-3A7E616F8340}.Release|Any CPU.Build.0 = Release|Any CPU
	EndGlobalSection
	GlobalSection(SolutionProperties) = preSolution
		HideSolutionNode = FALSE
	EndGlobalSection
	GlobalSection(ExtensibilityGlobals) = postSolution
		SolutionGuid = {0CBC2E89-6499-4CD7-A1E1-93D73E744674}
	EndGlobalSection
	GlobalSection(NestedProjects) = preSolution
		{3F2CEF68-76B5-4276-9FDA-02011689ECA5} = {D4936CBA-2545-437F-9C72-C0F8F5F8B943}
		{2628A585-65D3-4B51-B713-F81EDB307739} = {D4936CBA-2545-437F-9C72-C0F8F5F8B943}
		{831C4E5B-031E-4BF2-A8C0-30EA92A78CA2} = {D4936CBA-2545-437F-9C72-C0F8F5F8B943}
		{74B2F064-1A37-4E66-939A-A978818D4189} = {D4936CBA-2545-437F-9C72-C0F8F5F8B943}
		{5C1C745A-D71D-4362-A1D8-213AABC28166} = {D4936CBA-2545-437F-9C72-C0F8F5F8B943}
		{75C22497-BE9A-4A08-834F-467E106E738B} = {3F2CEF68-76B5-4276-9FDA-02011689ECA5}
		{5636B277-EB8F-43F2-AAE2-B90276C5A76F} = {2628A585-65D3-4B51-B713-F81EDB307739}
		{92051A63-2AEA-4627-AA51-A69EAA8B8500} = {831C4E5B-031E-4BF2-A8C0-30EA92A78CA2}
		{075AEC8D-50E9-49C1-829F-3A7E616F8340} = {74B2F064-1A37-4E66-939A-A978818D4189}
	EndGlobalSection
EndGlobal
